<Solution>
  <Configurations>
    <Platform Name="ARM64" />
    <Platform Name="x64" />
    <Platform Name="x86" />
  </Configurations>
  <Folder Name="/Solution Items/">
    <File Path=".editorconfig" />
  </Folder>
  <Project Path="Caiman/Caiman.csproj" />
  <Project Path="Cougar/Cougar.csproj" Id="f243cdb8-2e37-43f8-a26e-cbaa92e061f4" />
  <Project Path="MaxxPro/MaxxPro.csproj">
    <Platform Solution="*|ARM64" Project="ARM64" />
    <Platform Solution="*|x64" Project="x64" />
    <Platform Solution="*|x86" Project="x86" />
    <Deploy />
  </Project>
</Solution>
